github.com/bhmj/jsonslice v0.0.0-20190301184140-597c3cda2260 h1:9Jmwh1LUnpoPD0ew25kqO6fcCIdQnH2pDJhffv3TfwQ=
github.com/bhmj/jsonslice v0.0.0-20190301184140-597c3cda2260/go.mod h1:blvNODZOz8uOvDJzGiXzoi8QlzcAhA57sMnKx1D18/k=
github.com/oliveagle/jsonpath v0.0.0-20180606110733-2e52cf6e6852 h1:Yl0tPBa8QPjGmesFh1D0rDy+q1Twx6FyU7VWHi8wZbI=
github.com/oliveagle/jsonpath v0.0.0-20180606110733-2e52cf6e6852/go.mod h1:eqOVx5Vwu4gd2mmMZvVZsgIqNSaW3xxRThUJ0k/TPk4=
golang.org/x/crypto v0.0.0-20190404164418-38d8ce5564a5/go.mod h1:WFFai1msRO1wXaEeE5yQxYXgSfI8pQAWXbQop6sCtWE=
golang.org/x/sys v0.0.0-20190403152447-81d4e9dc473e/go.mod h1:h1NjWce9XRLGQEsW7wpKNCjG9DtNlClVuFLEZdDNbEs=
